
Microsoft Visual Studio Solution File, Format Version 12.00
# Visual Studio 15
VisualStudioVersion = 15.0.27428.2015
MinimumVisualStudioVersion = 10.0.40219.1
Project("{FAE04EC0-301F-11D3-BF4B-00C04F79EFBC}") = "ConditionalConstructionsApp", "ConditionalConstructionsApp\ConditionalConstructionsApp.csproj", "{13266B1D-778F-4B6E-BE4C-28447D33E11F}"
EndProject
Global
	GlobalSection(SolutionConfigurationPlatforms) = preSolution
		Debug|Any CPU = Debug|Any CPU
		Release|Any CPU = Release|Any CPU
	EndGlobalSection
	GlobalSection(ProjectConfigurationPlatforms) = postSolution
		{13266B1D-778F-4B6E-BE4C-28447D33E11F}.Debug|Any CPU.ActiveCfg = Debug|Any CPU
		{13266B1D-778F-4B6E-BE4C-28447D33E11F}.Debug|Any CPU.Build.0 = Debug|Any CPU
		{13266B1D-778F-4B6E-BE4C-28447D33E11F}.Release|Any CPU.ActiveCfg = Release|Any CPU
		{13266B1D-778F-4B6E-BE4C-28447D33E11F}.Release|Any CPU.Build.0 = Release|Any CPU
	EndGlobalSection
	GlobalSection(SolutionProperties) = preSolution
		HideSolutionNode = FALSE
	EndGlobalSection
	GlobalSection(ExtensibilityGlobals) = postSolution
		SolutionGuid = {B3E6EA3E-0A91-429F-94D0-F1C77F938426}
	EndGlobalSection
EndGlobal
